// !$*UTF8*$!
{
	archiveVersion = 1;
	classes = {
	};
	objectVersion = 46;
	objects = {

/* Begin PBXBuildFile section */
		885AB6B31B325F8700EB6CBC /* AppDelegate.swift in Sources */ = {isa = PBXBuildFile; fileRef = 885AB6B21B325F8700EB6CBC /* AppDelegate.swift */; };
		885AB6B51B325F8700EB6CBC /* ViewController.swift in Sources */ = {isa = PBXBuildFile; fileRef = 885AB6B41B325F8700EB6CBC /* ViewController.swift */; };
		885AB6B81B325F8700EB6CBC /* Main.storyboard in Resources */ = {isa = PBXBuildFile; fileRef = 885AB6B61B325F8700EB6CBC /* Main.storyboard */; };
		885AB6BA1B325F8700EB6CBC /* Images.xcassets in Resources */ = {isa = PBXBuildFile; fileRef = 885AB6B91B325F8700EB6CBC /* Images.xcassets */; };
		885AB6BD1B325F8700EB6CBC /* LaunchScreen.xib in Resources */ = {isa = PBXBuildFile; fileRef = 885AB6BB1B325F8700EB6CBC /* LaunchScreen.xib */; };
		885AB6C91B325F8700EB6CBC /* ____sqfTests.swift in Sources */ = {isa = PBXBuildFile; fileRef = 885AB6C81B325F8700EB6CBC /* ____sqfTests.swift */; };
/* End PBXBuildFile section */

/* Begin PBXContainerItemProxy section */
		885AB6C31B325F8700EB6CBC /* PBXContainerItemProxy */ = {
			isa = PBXContainerItemProxy;
			containerPortal = 885AB6A51B325F8700EB6CBC /* Project object */;
			proxyType = 1;
			remoteGlobalIDString = 885AB6AC1B325F8700EB6CBC;
			remoteInfo = "计算器－sqf";
		};
/* End PBXContainerItemProxy section */

/* Begin PBXFileReference section */
		885AB6AD1B325F8700EB6CBC /* 计算器－sqf.app */ = {isa = PBXFileReference; explicitFileType = wrapper.application; includeInIndex = 0; path = "计算器－sqf.app"; sourceTree = BUILT_PRODUCTS_DIR; };
		885AB6B11B325F8700EB6CBC /* Info.plist */ = {isa = PBXFileReference; lastKnownFileType = text.plist.xml; path = Info.plist; sourceTree = "<group>"; };
		885AB6B21B325F8700EB6CBC /* AppDelegate.swift */ = {isa = PBXFileReference; lastKnownFileType = sourcecode.swift; path = AppDelegate.swift; sourceTree = "<group>"; };
		885AB6B41B325F8700EB6CBC /* ViewController.swift */ = {isa = PBXFileReference; lastKnownFileType = sourcecode.swift; path = ViewController.swift; sourceTree = "<group>"; };
		885AB6B71B325F8700EB6CBC /* Base */ = {isa = PBXFileReference; lastKnownFileType = file.storyboard; name = Base; path = Base.lproj/Main.storyboard; sourceTree = "<group>"; };
		885AB6B91B325F8700EB6CBC /* Images.xcassets */ = {isa = PBXFileReference; lastKnownFileType = folder.assetcatalog; path = Images.xcassets; sourceTree = "<group>"; };
		885AB6BC1B325F8700EB6CBC /* Base */ = {isa = PBXFileReference; lastKnownFileType = file.xib; name = Base; path = Base.lproj/LaunchScreen.xib; sourceTree = "<group>"; };
		885AB6C21B325F8700EB6CBC /* 计算器－sqfTests.xctest */ = {isa = PBXFileReference; explicitFileType = wrapper.cfbundle; includeInIndex = 0; path = "计算器－sqfTests.xctest"; sourceTree = BUILT_PRODUCTS_DIR; };
		885AB6C71B325F8700EB6CBC /* Info.plist */ = {isa = PBXFileReference; lastKnownFileType = text.plist.xml; path = Info.plist; sourceTree = "<group>"; };
		885AB6C81B325F8700EB6CBC /* ____sqfTests.swift */ = {isa = PBXFileReference; lastKnownFileType = sourcecode.swift; path = "____sqfTests.swift"; sourceTree = "<group>"; };
/* End PBXFileReference section */

/* Begin PBXFrameworksBuildPhase section */
		885AB6AA1B325F8700EB6CBC /* Frameworks */ = {
			isa = PBXFrameworksBuildPhase;
			buildActionMask = 2147483647;
			files = (
			);
			runOnlyForDeploymentPostprocessing = 0;
		};
		885AB6BF1B325F8700EB6CBC /* Frameworks */ = {
			isa = PBXFrameworksBuildPhase;
			buildActionMask = 2147483647;
			files = (
			);
			runOnlyForDeploymentPostprocessing = 0;
		};
/* End PBXFrameworksBuildPhase section */

/* Begin PBXGroup section */
		885AB6A41B325F8700EB6CBC = {
			isa = PBXGroup;
			children = (
				885AB6AF1B325F8700EB6CBC /* 计算器－sqf */,
				885AB6C51B325F8700EB6CBC /* 计算器－sqfTests */,
				885AB6AE1B325F8700EB6CBC /* Products */,
			);
			sourceTree = "<group>";
		};
		885AB6AE1B325F8700EB6CBC /* Products */ = {
			isa = PBXGroup;
			children = (
				885AB6AD1B325F8700EB6CBC /* 计算器－sqf.app */,
				885AB6C21B325F8700EB6CBC /* 计算器－sqfTests.xctest */,
			);
			name = Products;
			sourceTree = "<group>";
		};
		885AB6AF1B325F8700EB6CBC /* 计算器－sqf */ = {
			isa = PBXGroup;
			children = (
				885AB6B21B325F8700EB6CBC /* AppDelegate.swift */,
				885AB6B41B325F8700EB6CBC /* ViewController.swift */,
				885AB6B61B325F8700EB6CBC /* Main.storyboard */,
				885AB6B91B325F8700EB6CBC /* Images.xcassets */,
				885AB6BB1B325F8700EB6CBC /* LaunchScreen.xib */,
				885AB6B01B325F8700EB6CBC /* Supporting Files */,
			);
			path = "计算器－sqf";
			sourceTree = "<group>";
		};
		885AB6B01B325F8700EB6CBC /* Supporting Files */ = {
			isa = PBXGroup;
			children = (
				885AB6B11B325F8700EB6CBC /* Info.plist */,
			);
			name = "Supporting Files";
			sourceTree = "<group>";
		};
		885AB6C51B325F8700EB6CBC /* 计算器－sqfTests */ = {
			isa = PBXGroup;
			children = (
				885AB6C81B325F8700EB6CBC /* ____sqfTests.swift */,
				885AB6C61B325F8700EB6CBC /* Supporting Files */,
			);
			path = "计算器－sqfTests";
			sourceTree = "<group>";
		};
		885AB6C61B325F8700EB6CBC /* Supporting Files */ = {
			isa = PBXGroup;
			children = (
				885AB6C71B325F8700EB6CBC /* Info.plist */,
			);
			name = "Supporting Files";
			sourceTree = "<group>";
		};
/* End PBXGroup section */

/* Begin PBXNativeTarget section */
		885AB6AC1B325F8700EB6CBC /* 计算器－sqf */ = {
			isa = PBXNativeTarget;
			buildConfigurationList = 885AB6CC1B325F8700EB6CBC /* Build configuration list for PBXNativeTarget "计算器－sqf" */;
			buildPhases = (
				885AB6A91B325F8700EB6CBC /* Sources */,
				885AB6AA1B325F8700EB6CBC /* Frameworks */,
				885AB6AB1B325F8700EB6CBC /* Resources */,
			);
			buildRules = (
			);
			dependencies = (
			);
			name = "计算器－sqf";
			productName = "计算器－sqf";
			productReference = 885AB6AD1B325F8700EB6CBC /* 计算器－sqf.app */;
			productType = "com.apple.product-type.application";
		};
		885AB6C11B325F8700EB6CBC /* 计算器－sqfTests */ = {
			isa = PBXNativeTarget;
			buildConfigurationList = 885AB6CF1B325F8700EB6CBC /* Build configuration list for PBXNativeTarget "计算器－sqfTests" */;
			buildPhases = (
				885AB6BE1B325F8700EB6CBC /* Sources */,
				885AB6BF1B325F8700EB6CBC /* Frameworks */,
				885AB6C01B325F8700EB6CBC /* Resources */,
			);
			buildRules = (
			);
			dependencies = (
				885AB6C41B325F8700EB6CBC /* PBXTargetDependency */,
			);
			name = "计算器－sqfTests";
			productName = "计算器－sqfTests";
			productReference = 885AB6C21B325F8700EB6CBC /* 计算器－sqfTests.xctest */;
			productType = "com.apple.product-type.bundle.unit-test";
		};
/* End PBXNativeTarget section */

/* Begin PBXProject section */
		885AB6A51B325F8700EB6CBC /* Project object */ = {
			isa = PBXProject;
			attributes = {
				LastUpgradeCheck = 0630;
				ORGANIZATIONNAME = "计算中心";
				TargetAttributes = {
					885AB6AC1B325F8700EB6CBC = {
						CreatedOnToolsVersion = 6.3;
					};
					885AB6C11B325F8700EB6CBC = {
						CreatedOnToolsVersion = 6.3;
						TestTargetID = 885AB6AC1B325F8700EB6CBC;
					};
				};
			};
			buildConfigurationList = 885AB6A81B325F8700EB6CBC /* Build configuration list for PBXProject "Calulator－sqf" */;
			compatibilityVersion = "Xcode 3.2";
			developmentRegion = English;
			hasScannedForEncodings = 0;
			knownRegions = (
				en,
				Base,
			);
			mainGroup = 885AB6A41B325F8700EB6CBC;
			productRefGroup = 885AB6AE1B325F8700EB6CBC /* Products */;
			projectDirPath = "";
			projectRoot = "";
			targets = (
				885AB6AC1B325F8700EB6CBC /* 计算器－sqf */,
				885AB6C11B325F8700EB6CBC /* 计算器－sqfTests */,
			);
		};
/* End PBXProject section */

/* Begin PBXResourcesBuildPhase section */
		885AB6AB1B325F8700EB6CBC /* Resources */ = {
			isa = PBXResourcesBuildPhase;
			buildActionMask = 2147483647;
			files = (
				885AB6B81B325F8700EB6CBC /* Main.storyboard in Resources */,
				885AB6BD1B325F8700EB6CBC /* LaunchScreen.xib in Resources */,
				885AB6BA1B325F8700EB6CBC /* Images.xcassets in Resources */,
			);
			runOnlyForDeploymentPostprocessing = 0;
		};
		885AB6C01B325F8700EB6CBC /* Resources */ = {
			isa = PBXResourcesBuildPhase;
			buildActionMask = 2147483647;
			files = (
			);
			runOnlyForDeploymentPostprocessing = 0;
		};
/* End PBXResourcesBuildPhase section */

/* Begin PBXSourcesBuildPhase section */
		885AB6A91B325F8700EB6CBC /* Sources */ = {
			isa = PBXSourcesBuildPhase;
			buildActionMask = 2147483647;
			files = (
				885AB6B51B325F8700EB6CBC /* ViewController.swift in Sources */,
				885AB6B31B325F8700EB6CBC /* AppDelegate.swift in Sources */,
			);
			runOnlyForDeploymentPostprocessing = 0;
		};
		885AB6BE1B325F8700EB6CBC /* Sources */ = {
			isa = PBXSourcesBuildPhase;
			buildActionMask = 2147483647;
			files = (
				885AB6C91B325F8700EB6CBC /* ____sqfTests.swift in Sources */,
			);
			runOnlyForDeploymentPostprocessing = 0;
		};
/* End PBXSourcesBuildPhase section */

/* Begin PBXTargetDependency section */
		885AB6C41B325F8700EB6CBC /* PBXTargetDependency */ = {
			isa = PBXTargetDependency;
			target = 885AB6AC1B325F8700EB6CBC /* 计算器－sqf */;
			targetProxy = 885AB6C31B325F8700EB6CBC /* PBXContainerItemProxy */;
		};
/* End PBXTargetDependency section */

/* Begin PBXVariantGroup section */
		885AB6B61B325F8700EB6CBC /* Main.storyboard */ = {
			isa = PBXVariantGroup;
			children = (
				885AB6B71B325F8700EB6CBC /* Base */,
			);
			name = Main.storyboard;
			sourceTree = "<group>";
		};
		885AB6BB1B325F8700EB6CBC /* LaunchScreen.xib */ = {
			isa = PBXVariantGroup;
			children = (
				885AB6BC1B325F8700EB6CBC /* Base */,
			);
			name = LaunchScreen.xib;
			sourceTree = "<group>";
		};
/* End PBXVariantGroup section */

/* Begin XCBuildConfiguration section */
		885AB6CA1B325F8700EB6CBC /* Debug */ = {
			isa = XCBuildConfiguration;
			buildSettings = {
				ALWAYS_SEARCH_USER_PATHS = NO;
				CLANG_CXX_LANGUAGE_STANDARD = "gnu++0x";
				CLANG_CXX_LIBRARY = "libc++";
				CLANG_ENABLE_MODULES = YES;
				CLANG_ENABLE_OBJC_ARC = YES;
				CLANG_WARN_BOOL_CONVERSION = YES;
				CLANG_WARN_CONSTANT_CONVERSION = YES;
				CLANG_WARN_DIRECT_OBJC_ISA_USAGE = YES_ERROR;
				CLANG_WARN_EMPTY_BODY = YES;
				CLANG_WARN_ENUM_CONVERSION = YES;
				CLANG_WARN_INT_CONVERSION = YES;
				CLANG_WARN_OBJC_ROOT_CLASS = YES_ERROR;
				CLANG_WARN_UNREACHABLE_CODE = YES;
				CLANG_WARN__DUPLICATE_METHOD_MATCH = YES;
				"CODE_SIGN_IDENTITY[sdk=iphoneos*]" = "iPhone Developer";
				COPY_PHASE_STRIP = NO;
				DEBUG_INFORMATION_FORMAT = "dwarf-with-dsym";
				ENABLE_STRICT_OBJC_MSGSEND = YES;
				GCC_C_LANGUAGE_STANDARD = gnu99;
				GCC_DYNAMIC_NO_PIC = NO;
				GCC_NO_COMMON_BLOCKS = YES;
				GCC_OPTIMIZATION_LEVEL = 0;
				GCC_PREPROCESSOR_DEFINITIONS = (
					"DEBUG=1",
					"$(inherited)",
				);
				GCC_SYMBOLS_PRIVATE_EXTERN = NO;
				GCC_WARN_64_TO_32_BIT_CONVERSION = YES;
				GCC_WARN_ABOUT_RETURN_TYPE = YES_ERROR;
				GCC_WARN_UNDECLARED_SELECTOR = YES;
				GCC_WARN_UNINITIALIZED_AUTOS = YES_AGGRESSIVE;
				GCC_WARN_UNUSED_FUNCTION = YES;
				GCC_WARN_UNUSED_VARIABLE = YES;
				IPHONEOS_DEPLOYMENT_TARGET = 8.3;
				MTL_ENABLE_DEBUG_INFO = YES;
				ONLY_ACTIVE_ARCH = YES;
				SDKROOT = iphoneos;
				SWIFT_OPTIMIZATION_LEVEL = "-Onone";
				TARGETED_DEVICE_FAMILY = "1,2";
			};
			name = Debug;
		};
		885AB6CB1B325F8700EB6CBC /* Release */ = {
			isa = XCBuildConfiguration;
			buildSettings = {
				ALWAYS_SEARCH_USER_PATHS = NO;
				CLANG_CXX_LANGUAGE_STANDARD = "gnu++0x";
				CLANG_CXX_LIBRARY = "libc++";
				CLANG_ENABLE_MODULES = YES;
				CLANG_ENABLE_OBJC_ARC = YES;
				CLANG_WARN_BOOL_CONVERSION = YES;
				CLANG_WARN_CONSTANT_CONVERSION = YES;
				CLANG_WARN_DIRECT_OBJC_ISA_USAGE = YES_ERROR;
				CLANG_WARN_EMPTY_BODY = YES;
				CLANG_WARN_ENUM_CONVERSION = YES;
				CLANG_WARN_INT_CONVERSION = YES;
				CLANG_WARN_OBJC_ROOT_CLASS = YES_ERROR;
				CLANG_WARN_UNREACHABLE_CODE = YES;
				CLANG_WARN__DUPLICATE_METHOD_MATCH = YES;
				"CODE_SIGN_IDENTITY[sdk=iphoneos*]" = "iPhone Developer";
				COPY_PHASE_STRIP = NO;
				DEBUG_INFORMATION_FORMAT = "dwarf-with-dsym";
				ENABLE_NS_ASSERTIONS = NO;
				ENABLE_STRICT_OBJC_MSGSEND = YES;
				GCC_C_LANGUAGE_STANDARD = gnu99;
				GCC_NO_COMMON_BLOCKS = YES;
				GCC_WARN_64_TO_32_BIT_CONVERSION = YES;
				GCC_WARN_ABOUT_RETURN_TYPE = YES_ERROR;
				GCC_WARN_UNDECLARED_SELECTOR = YES;
				GCC_WARN_UNINITIALIZED_AUTOS = YES_AGGRESSIVE;
				GCC_WARN_UNUSED_FUNCTION = YES;
				GCC_WARN_UNUSED_VARIABLE = YES;
				IPHONEOS_DEPLOYMENT_TARGET = 8.3;
				MTL_ENABLE_DEBUG_INFO = NO;
				SDKROOT = iphoneos;
				TARGETED_DEVICE_FAMILY = "1,2";
				VALIDATE_PRODUCT = YES;
			};
			name = Release;
		};
		885AB6CD1B325F8700EB6CBC /* Debug */ = {
			isa = XCBuildConfiguration;
			buildSettings = {
				ASSETCATALOG_COMPILER_APPICON_NAME = AppIcon;
				INFOPLIST_FILE = "计算器－sqf/Info.plist";
				LD_RUNPATH_SEARCH_PATHS = "$(inherited) @executable_path/Frameworks";
				PRODUCT_NAME = "$(TARGET_NAME)";
				TARGETED_DEVICE_FAMILY = 1;
			};
			name = Debug;
		};
		885AB6CE1B325F8700EB6CBC /* Release */ = {
			isa = XCBuildConfiguration;
			buildSettings = {
				ASSETCATALOG_COMPILER_APPICON_NAME = AppIcon;
				INFOPLIST_FILE = "计算器－sqf/Info.plist";
				LD_RUNPATH_SEARCH_PATHS = "$(inherited) @executable_path/Frameworks";
				PRODUCT_NAME = "$(TARGET_NAME)";
				TARGETED_DEVICE_FAMILY = 1;
			};
			name = Release;
		};
		885AB6D01B325F8700EB6CBC /* Debug */ = {
			isa = XCBuildConfiguration;
			buildSettings = {
				BUNDLE_LOADER = "$(TEST_HOST)";
				FRAMEWORK_SEARCH_PATHS = (
					"$(SDKROOT)/Developer/Library/Frameworks",
					"$(inherited)",
				);
				GCC_PREPROCESSOR_DEFINITIONS = (
					"DEBUG=1",
					"$(inherited)",
				);
				INFOPLIST_FILE = "计算器－sqfTests/Info.plist";
				LD_RUNPATH_SEARCH_PATHS = "$(inherited) @executable_path/Frameworks @loader_path/Frameworks";
				PRODUCT_NAME = "$(TARGET_NAME)";
				TEST_HOST = "$(BUILT_PRODUCTS_DIR)/计算器－sqf.app/计算器－sqf";
			};
			name = Debug;
		};
		885AB6D11B325F8700EB6CBC /* Release */ = {
			isa = XCBuildConfiguration;
			buildSettings = {
				BUNDLE_LOADER = "$(TEST_HOST)";
				FRAMEWORK_SEARCH_PATHS = (
					"$(SDKROOT)/Developer/Library/Frameworks",
					"$(inherited)",
				);
				INFOPLIST_FILE = "计算器－sqfTests/Info.plist";
				LD_RUNPATH_SEARCH_PATHS = "$(inherited) @executable_path/Frameworks @loader_path/Frameworks";
				PRODUCT_NAME = "$(TARGET_NAME)";
				TEST_HOST = "$(BUILT_PRODUCTS_DIR)/计算器－sqf.app/计算器－sqf";
			};
			name = Release;
		};
/* End XCBuildConfiguration section */

/* Begin XCConfigurationList section */
		885AB6A81B325F8700EB6CBC /* Build configuration list for PBXProject "Calulator－sqf" */ = {
			isa = XCConfigurationList;
			buildConfigurations = (
				885AB6CA1B325F8700EB6CBC /* Debug */,
				885AB6CB1B325F8700EB6CBC /* Release */,
			);
			defaultConfigurationIsVisible = 0;
			defaultConfigurationName = Release;
		};
		885AB6CC1B325F8700EB6CBC /* Build configuration list for PBXNativeTarget "计算器－sqf" */ = {
			isa = XCConfigurationList;
			buildConfigurations = (
				885AB6CD1B325F8700EB6CBC /* Debug */,
				885AB6CE1B325F8700EB6CBC /* Release */,
			);
			defaultConfigurationIsVisible = 0;
			defaultConfigurationName = Release;
		};
		885AB6CF1B325F8700EB6CBC /* Build configuration list for PBXNativeTarget "计算器－sqfTests" */ = {
			isa = XCConfigurationList;
			buildConfigurations = (
				885AB6D01B325F8700EB6CBC /* Debug */,
				885AB6D11B325F8700EB6CBC /* Release */,
			);
			defaultConfigurationIsVisible = 0;
			defaultConfigurationName = Release;
		};
/* End XCConfigurationList section */
	};
	rootObject = 885AB6A51B325F8700EB6CBC /* Project object */;
}
